
Microsoft Visual Studio Solution File, Format Version 12.00
# Visual Studio Version 16
VisualStudioVersion = 16.0.30621.155
MinimumVisualStudioVersion = 10.0.40219.1
Project("{FAE04EC0-301F-11D3-BF4B-00C04F79EFBC}") = "Calculator", "Calculator\Calculator.csproj", "{C5DF4A98-5CAD-4183-89EB-72CADF1BD687}"
EndProject
Project("{FAE04EC0-301F-11D3-BF4B-00C04F79EFBC}") = "Calculator.Tests", "Calculator.Tests\Calculator.Tests.csproj", "{F546B57E-F806-47FD-AAA0-71106D6D7788}"
EndProject
Global
	GlobalSection(SolutionConfigurationPlatforms) = preSolution
		Debug|Any CPU = Debug|Any CPU
		Release|Any CPU = Release|Any CPU
	EndGlobalSection
	GlobalSection(ProjectConfigurationPlatforms) = postSolution
		{C5DF4A98-5CAD-4183-89EB-72CADF1BD687}.Debug|Any CPU.ActiveCfg = Debug|Any CPU
		{C5DF4A98-5CAD-4183-89EB-72CADF1BD687}.Debug|Any CPU.Build.0 = Debug|Any CPU
		{C5DF4A98-5CAD-4183-89EB-72CADF1BD687}.Release|Any CPU.ActiveCfg = Release|Any CPU
		{C5DF4A98-5CAD-4183-89EB-72CADF1BD687}.Release|Any CPU.Build.0 = Release|Any CPU
		{F546B57E-F806-47FD-AAA0-71106D6D7788}.Debug|Any CPU.ActiveCfg = Debug|Any CPU
		{F546B57E-F806-47FD-AAA0-71106D6D7788}.Debug|Any CPU.Build.0 = Debug|Any CPU
		{F546B57E-F806-47FD-AAA0-71106D6D7788}.Release|Any CPU.ActiveCfg = Release|Any CPU
		{F546B57E-F806-47FD-AAA0-71106D6D7788}.Release|Any CPU.Build.0 = Release|Any CPU
	EndGlobalSection
	GlobalSection(SolutionProperties) = preSolution
		HideSolutionNode = FALSE
	EndGlobalSection
	GlobalSection(ExtensibilityGlobals) = postSolution
		SolutionGuid = {80275B1B-C396-4694-8B58-F0B60481EB9F}
	EndGlobalSection
EndGlobal
